
Microsoft Visual Studio Solution File, Format Version 12.00
# Visual Studio Version 17
VisualStudioVersion = 17.5.33516.290
MinimumVisualStudioVersion = 10.0.40219.1
Project("{FAE04EC0-301F-11D3-BF4B-00C04F79EFBC}") = "MariaWinForms", "MariaWinForms\MariaWinForms.csproj", "{ACE464D6-6C80-476D-91A8-72A42F51FFFB}"
EndProject
Global
	GlobalSection(SolutionConfigurationPlatforms) = preSolution
		Debug|Any CPU = Debug|Any CPU
		Release|Any CPU = Release|Any CPU
	EndGlobalSection
	GlobalSection(ProjectConfigurationPlatforms) = postSolution
		{ACE464D6-6C80-476D-91A8-72A42F51FFFB}.Debug|Any CPU.ActiveCfg = Debug|Any CPU
		{ACE464D6-6C80-476D-91A8-72A42F51FFFB}.Debug|Any CPU.Build.0 = Debug|Any CPU
		{ACE464D6-6C80-476D-91A8-72A42F51FFFB}.Release|Any CPU.ActiveCfg = Release|Any CPU
		{ACE464D6-6C80-476D-91A8-72A42F51FFFB}.Release|Any CPU.Build.0 = Release|Any CPU
	EndGlobalSection
	GlobalSection(SolutionProperties) = preSolution
		HideSolutionNode = FALSE
	EndGlobalSection
	GlobalSection(ExtensibilityGlobals) = postSolution
		SolutionGuid = {D5E3F05F-67A8-403F-802F-F76755391FE3}
	EndGlobalSection
EndGlobal
